
Microsoft Visual Studio Solution File, Format Version 12.00
# Visual Studio Version 17
VisualStudioVersion = 17.12.35527.113 d17.12
MinimumVisualStudioVersion = 10.0.40219.1
Project("{FAE04EC0-301F-11D3-BF4B-00C04F79EFBC}") = "00-ConsoleGiris", "00-ConsoleGiris\00-ConsoleGiris.csproj", "{C7066765-9505-4CD1-AFC6-37148B3FEF1A}"
EndProject
Project("{FAE04EC0-301F-11D3-BF4B-00C04F79EFBC}") = "01-Donusumler", "01-Donusumler\01-Donusumler.csproj", "{16B29C14-75E9-4A7A-B44B-2920CA917B9B}"
EndProject
Project("{FAE04EC0-301F-11D3-BF4B-00C04F79EFBC}") = "02-Operatorler", "02-Operatorler\02-Operatorler.csproj", "{022973A2-E30D-436C-8D40-01FEE48D0CAC}"
EndProject
Project("{FAE04EC0-301F-11D3-BF4B-00C04F79EFBC}") = "03-KararYapilari", "03-KararYapilari\03-KararYapilari.csproj", "{D727DCBC-6341-49FC-B5C4-C4F2BA8D7CF9}"
EndProject
Project("{FAE04EC0-301F-11D3-BF4B-00C04F79EFBC}") = "04-TryParse&TryCatch", "04-TryParse&TryCatch\04-TryParse&TryCatch.csproj", "{88E15040-16B5-4A97-AC20-A82CE031D312}"
EndProject
Project("{2150E333-8FDC-42A3-9474-1A3956D46DE8}") = "05-Donguler", "05-Donguler", "{90E544D3-19F8-4891-B112-0699BA2C42DF}"
EndProject
Project("{FAE04EC0-301F-11D3-BF4B-00C04F79EFBC}") = "For-Dongusu", "For-Dongusu\For-Dongusu.csproj", "{6F3C1DCD-6C71-42E5-AE27-29BE8280BA72}"
EndProject
Project("{FAE04EC0-301F-11D3-BF4B-00C04F79EFBC}") = "While-Dongusu", "While-Dongusu\While-Dongusu.csproj", "{41E0D048-14E1-49EB-874E-9A12E9D6FDFF}"
EndProject
Global
	GlobalSection(SolutionConfigurationPlatforms) = preSolution
		Debug|Any CPU = Debug|Any CPU
		Release|Any CPU = Release|Any CPU
	EndGlobalSection
	GlobalSection(ProjectConfigurationPlatforms) = postSolution
		{C7066765-9505-4CD1-AFC6-37148B3FEF1A}.Debug|Any CPU.ActiveCfg = Debug|Any CPU
		{C7066765-9505-4CD1-AFC6-37148B3FEF1A}.Debug|Any CPU.Build.0 = Debug|Any CPU
		{C7066765-9505-4CD1-AFC6-37148B3FEF1A}.Release|Any CPU.ActiveCfg = Release|Any CPU
		{C7066765-9505-4CD1-AFC6-37148B3FEF1A}.Release|Any CPU.Build.0 = Release|Any CPU
		{16B29C14-75E9-4A7A-B44B-2920CA917B9B}.Debug|Any CPU.ActiveCfg = Debug|Any CPU
		{16B29C14-75E9-4A7A-B44B-2920CA917B9B}.Debug|Any CPU.Build.0 = Debug|Any CPU
		{16B29C14-75E9-4A7A-B44B-2920CA917B9B}.Release|Any CPU.ActiveCfg = Release|Any CPU
		{16B29C14-75E9-4A7A-B44B-2920CA917B9B}.Release|Any CPU.Build.0 = Release|Any CPU
		{022973A2-E30D-436C-8D40-01FEE48D0CAC}.Debug|Any CPU.ActiveCfg = Debug|Any CPU
		{022973A2-E30D-436C-8D40-01FEE48D0CAC}.Debug|Any CPU.Build.0 = Debug|Any CPU
		{022973A2-E30D-436C-8D40-01FEE48D0CAC}.Release|Any CPU.ActiveCfg = Release|Any CPU
		{022973A2-E30D-436C-8D40-01FEE48D0CAC}.Release|Any CPU.Build.0 = Release|Any CPU
		{D727DCBC-6341-49FC-B5C4-C4F2BA8D7CF9}.Debug|Any CPU.ActiveCfg = Debug|Any CPU
		{D727DCBC-6341-49FC-B5C4-C4F2BA8D7CF9}.Debug|Any CPU.Build.0 = Debug|Any CPU
		{D727DCBC-6341-49FC-B5C4-C4F2BA8D7CF9}.Release|Any CPU.ActiveCfg = Release|Any CPU
		{D727DCBC-6341-49FC-B5C4-C4F2BA8D7CF9}.Release|Any CPU.Build.0 = Release|Any CPU
		{88E15040-16B5-4A97-AC20-A82CE031D312}.Debug|Any CPU.ActiveCfg = Debug|Any CPU
		{88E15040-16B5-4A97-AC20-A82CE031D312}.Debug|Any CPU.Build.0 = Debug|Any CPU
		{88E15040-16B5-4A97-AC20-A82CE031D312}.Release|Any CPU.ActiveCfg = Release|Any CPU
		{88E15040-16B5-4A97-AC20-A82CE031D312}.Release|Any CPU.Build.0 = Release|Any CPU
		{6F3C1DCD-6C71-42E5-AE27-29BE8280BA72}.Debug|Any CPU.ActiveCfg = Debug|Any CPU
		{6F3C1DCD-6C71-42E5-AE27-29BE8280BA72}.Debug|Any CPU.Build.0 = Debug|Any CPU
		{6F3C1DCD-6C71-42E5-AE27-29BE8280BA72}.Release|Any CPU.ActiveCfg = Release|Any CPU
		{6F3C1DCD-6C71-42E5-AE27-29BE8280BA72}.Release|Any CPU.Build.0 = Release|Any CPU
		{41E0D048-14E1-49EB-874E-9A12E9D6FDFF}.Debug|Any CPU.ActiveCfg = Debug|Any CPU
		{41E0D048-14E1-49EB-874E-9A12E9D6FDFF}.Debug|Any CPU.Build.0 = Debug|Any CPU
		{41E0D048-14E1-49EB-874E-9A12E9D6FDFF}.Release|Any CPU.ActiveCfg = Release|Any CPU
		{41E0D048-14E1-49EB-874E-9A12E9D6FDFF}.Release|Any CPU.Build.0 = Release|Any CPU
	EndGlobalSection
	GlobalSection(SolutionProperties) = preSolution
		HideSolutionNode = FALSE
	EndGlobalSection
	GlobalSection(NestedProjects) = preSolution
		{6F3C1DCD-6C71-42E5-AE27-29BE8280BA72} = {90E544D3-19F8-4891-B112-0699BA2C42DF}
		{41E0D048-14E1-49EB-874E-9A12E9D6FDFF} = {90E544D3-19F8-4891-B112-0699BA2C42DF}
	EndGlobalSection
EndGlobal
